
Microsoft Visual Studio Solution File, Format Version 12.00
# Visual Studio Version 16
VisualStudioVersion = 16.0.29926.136
MinimumVisualStudioVersion = 10.0.40219.1
Project("{FAE04EC0-301F-11D3-BF4B-00C04F79EFBC}") = "AppLayouts.Android", "AppLayouts\AppLayouts.Android\AppLayouts.Android.csproj", "{46D65F0E-E14B-4B4E-A1F7-DF5016C4EA31}"
EndProject
Project("{FAE04EC0-301F-11D3-BF4B-00C04F79EFBC}") = "AppLayouts", "AppLayouts\AppLayouts\AppLayouts.csproj", "{72B19757-4CC5-4C18-B2ED-5EA617DAA44E}"
EndProject
Global
	GlobalSection(SolutionConfigurationPlatforms) = preSolution
		Debug|Any CPU = Debug|Any CPU
		Release|Any CPU = Release|Any CPU
	EndGlobalSection
	GlobalSection(ProjectConfigurationPlatforms) = postSolution
		{46D65F0E-E14B-4B4E-A1F7-DF5016C4EA31}.Debug|Any CPU.ActiveCfg = Debug|Any CPU
		{46D65F0E-E14B-4B4E-A1F7-DF5016C4EA31}.Debug|Any CPU.Build.0 = Debug|Any CPU
		{46D65F0E-E14B-4B4E-A1F7-DF5016C4EA31}.Debug|Any CPU.Deploy.0 = Debug|Any CPU
		{46D65F0E-E14B-4B4E-A1F7-DF5016C4EA31}.Release|Any CPU.ActiveCfg = Release|Any CPU
		{46D65F0E-E14B-4B4E-A1F7-DF5016C4EA31}.Release|Any CPU.Build.0 = Release|Any CPU
		{46D65F0E-E14B-4B4E-A1F7-DF5016C4EA31}.Release|Any CPU.Deploy.0 = Release|Any CPU
		{72B19757-4CC5-4C18-B2ED-5EA617DAA44E}.Debug|Any CPU.ActiveCfg = Debug|Any CPU
		{72B19757-4CC5-4C18-B2ED-5EA617DAA44E}.Debug|Any CPU.Build.0 = Debug|Any CPU
		{72B19757-4CC5-4C18-B2ED-5EA617DAA44E}.Debug|Any CPU.Deploy.0 = Debug|Any CPU
		{72B19757-4CC5-4C18-B2ED-5EA617DAA44E}.Release|Any CPU.ActiveCfg = Release|Any CPU
		{72B19757-4CC5-4C18-B2ED-5EA617DAA44E}.Release|Any CPU.Build.0 = Release|Any CPU
		{72B19757-4CC5-4C18-B2ED-5EA617DAA44E}.Release|Any CPU.Deploy.0 = Release|Any CPU
	EndGlobalSection
	GlobalSection(SolutionProperties) = preSolution
		HideSolutionNode = FALSE
	EndGlobalSection
	GlobalSection(ExtensibilityGlobals) = postSolution
		SolutionGuid = {09223CDE-C78B-438B-BFE9-3EC304702150}
	EndGlobalSection
EndGlobal
